
Microsoft Visual Studio Solution File, Format Version 12.00
# Visual Studio 2015
Project("{FAE04EC0-301F-11D3-BF4B-00C04F79EFBC}") = "Prueba de Concepto.CSharp", "Prueba de Concepto.CSharp.csproj", "{81B80A84-1D24-42BA-8C56-D45538D09DD1}"
EndProject
Project("{FAE04EC0-301F-11D3-BF4B-00C04F79EFBC}") = "Prueba de Concepto.CSharp.Editor", "Prueba de Concepto.CSharp.Editor.csproj", "{929BD4E5-5455-7924-B545-1D9444A75279}"
EndProject
Global
	GlobalSection(SolutionConfigurationPlatforms) = preSolution
		Debug|Any CPU = Debug|Any CPU
		Release|Any CPU = Release|Any CPU
	EndGlobalSection
	GlobalSection(ProjectConfigurationPlatforms) = postSolution
		{81B80A84-1D24-42BA-8C56-D45538D09DD1}.Debug|Any CPU.ActiveCfg = Debug|Any CPU
		{81B80A84-1D24-42BA-8C56-D45538D09DD1}.Debug|Any CPU.Build.0 = Debug|Any CPU
		{81B80A84-1D24-42BA-8C56-D45538D09DD1}.Release|Any CPU.ActiveCfg = Release|Any CPU
		{81B80A84-1D24-42BA-8C56-D45538D09DD1}.Release|Any CPU.Build.0 = Release|Any CPU
		{929BD4E5-5455-7924-B545-1D9444A75279}.Debug|Any CPU.ActiveCfg = Debug|Any CPU
		{929BD4E5-5455-7924-B545-1D9444A75279}.Debug|Any CPU.Build.0 = Debug|Any CPU
		{929BD4E5-5455-7924-B545-1D9444A75279}.Release|Any CPU.ActiveCfg = Release|Any CPU
		{929BD4E5-5455-7924-B545-1D9444A75279}.Release|Any CPU.Build.0 = Release|Any CPU
	EndGlobalSection
	GlobalSection(SolutionProperties) = preSolution
		HideSolutionNode = FALSE
	EndGlobalSection
EndGlobal
